
Microsoft Visual Studio Solution File, Format Version 12.00
# Visual Studio 14
VisualStudioVersion = 14.0.24720.0
MinimumVisualStudioVersion = 10.0.40219.1
Project("{FAE04EC0-301F-11D3-BF4B-00C04F79EFBC}") = "ShapeHierarchy", "ShapeHierarchy\ShapeHierarchy.csproj", "{87C63BA6-5BE6-42DA-8511-7E6DB6E749A3}"
EndProject
Project("{FAE04EC0-301F-11D3-BF4B-00C04F79EFBC}") = "FacultativeSystem", "FacultativeSystem\FacultativeSystem.csproj", "{4F0DCA26-DCA4-4E42-8C3C-8CC3F7B7706C}"
EndProject
Global
	GlobalSection(SolutionConfigurationPlatforms) = preSolution
		Debug|Any CPU = Debug|Any CPU
		Release|Any CPU = Release|Any CPU
	EndGlobalSection
	GlobalSection(ProjectConfigurationPlatforms) = postSolution
		{87C63BA6-5BE6-42DA-8511-7E6DB6E749A3}.Debug|Any CPU.ActiveCfg = Debug|Any CPU
		{87C63BA6-5BE6-42DA-8511-7E6DB6E749A3}.Debug|Any CPU.Build.0 = Debug|Any CPU
		{87C63BA6-5BE6-42DA-8511-7E6DB6E749A3}.Release|Any CPU.ActiveCfg = Release|Any CPU
		{87C63BA6-5BE6-42DA-8511-7E6DB6E749A3}.Release|Any CPU.Build.0 = Release|Any CPU
		{4F0DCA26-DCA4-4E42-8C3C-8CC3F7B7706C}.Debug|Any CPU.ActiveCfg = Debug|Any CPU
		{4F0DCA26-DCA4-4E42-8C3C-8CC3F7B7706C}.Debug|Any CPU.Build.0 = Debug|Any CPU
		{4F0DCA26-DCA4-4E42-8C3C-8CC3F7B7706C}.Release|Any CPU.ActiveCfg = Release|Any CPU
		{4F0DCA26-DCA4-4E42-8C3C-8CC3F7B7706C}.Release|Any CPU.Build.0 = Release|Any CPU
	EndGlobalSection
	GlobalSection(SolutionProperties) = preSolution
		HideSolutionNode = FALSE
	EndGlobalSection
EndGlobal
